{
  "version": 4,
  "terraform_version": "1.0.10",
  "serial": 13,
  "lineage": "d5b402fc-99f7-306b-8743-d1358b9b3413",
  "outputs": {},
  "resources": [
    {
      "mode": "data",
      "type": "azurerm_client_config",
      "name": "current",
      "provider": "provider[\"registry.terraform.io/hashicorp/azurerm\"]",
      "instances": [
        {
          "schema_version": 0,
          "attributes": {
            "client_id": "04b07795-8ddb-461a-bbee-02f9e1bf7b46",
            "id": "2021-11-11 20:04:18.8722473 +0000 UTC",
            "object_id": "bea62444-6dcc-4a7c-9d5f-4a75a9c16f12",
            "subscription_id": "f15365ac-4c3f-4998-9bdf-9046798f52a9",
            "tenant_id": "a2313cab-b1c3-4f3a-bb11-2157447ddbb4",
            "timeouts": null
          },
          "sensitive_attributes": []
        }
      ]
    },
    {
      "mode": "managed",
      "type": "azurerm_key_vault",
      "name": "keyvault_ado_agent",
      "provider": "provider[\"registry.terraform.io/hashicorp/azurerm\"]",
      "instances": [
        {
          "schema_version": 2,
          "attributes": {
            "access_policy": [
              {
                "application_id": "",
                "certificate_permissions": null,
                "key_permissions": null,
                "object_id": "bea62444-6dcc-4a7c-9d5f-4a75a9c16f12",
                "secret_permissions": [
                  "Get",
                  "Set",
                  "List"
                ],
                "storage_permissions": null,
                "tenant_id": "a2313cab-b1c3-4f3a-bb11-2157447ddbb4"
              }
            ],
            "contact": [],
            "enable_rbac_authorization": false,
            "enabled_for_deployment": false,
            "enabled_for_disk_encryption": true,
            "enabled_for_template_deployment": false,
            "id": "/subscriptions/f15365ac-4c3f-4998-9bdf-9046798f52a9/resourceGroups/modulo7-ado-agent/providers/Microsoft.KeyVault/vaults/modulo7-ado22",
            "location": "uksouth",
            "name": "modulo7-ado22",
            "network_acls": [
              {
                "bypass": "AzureServices",
                "default_action": "Allow",
                "ip_rules": [],
                "virtual_network_subnet_ids": []
              }
            ],
            "purge_protection_enabled": false,
            "resource_group_name": "modulo7-ado-agent",
            "sku_name": "standard",
            "soft_delete_enabled": true,
            "soft_delete_retention_days": 7,
            "tags": null,
            "tenant_id": "a2313cab-b1c3-4f3a-bb11-2157447ddbb4",
            "timeouts": null,
            "vault_uri": "https://modulo7-ado22.vault.azure.net/"
          },
          "sensitive_attributes": [],
          "private": "eyJlMmJmYjczMC1lY2FhLTExZTYtOGY4OC0zNDM2M2JjN2M0YzAiOnsiY3JlYXRlIjoxODAwMDAwMDAwMDAwLCJkZWxldGUiOjE4MDAwMDAwMDAwMDAsInJlYWQiOjMwMDAwMDAwMDAwMCwidXBkYXRlIjoxODAwMDAwMDAwMDAwfSwic2NoZW1hX3ZlcnNpb24iOiIyIn0=",
          "dependencies": [
            "azurerm_resource_group.tamops",
            "data.azurerm_client_config.current"
          ]
        }
      ]
    },
    {
      "mode": "managed",
      "type": "azurerm_key_vault_secret",
      "name": "keyvault_ado_agent_secret",
      "provider": "provider[\"registry.terraform.io/hashicorp/azurerm\"]",
      "instances": [
        {
          "schema_version": 0,
          "attributes": {
            "content_type": "",
            "expiration_date": null,
            "id": "https://modulo7-ado22.vault.azure.net/secrets/modulo7-ado-agent-password/596688fb495c470495e0a4cc60983d99",
            "key_vault_id": "/subscriptions/f15365ac-4c3f-4998-9bdf-9046798f52a9/resourceGroups/modulo7-ado-agent/providers/Microsoft.KeyVault/vaults/modulo7-ado22",
            "name": "modulo7-ado-agent-password",
            "not_before_date": null,
            "tags": null,
            "timeouts": null,
            "value": "uQkdNOmRu3WXWYtu",
            "version": "596688fb495c470495e0a4cc60983d99",
            "versionless_id": "https://modulo7-ado22.vault.azure.net/secrets/modulo7-ado-agent-password"
          },
          "sensitive_attributes": [
            [
              {
                "type": "get_attr",
                "value": "value"
              }
            ]
          ],
          "private": "eyJlMmJmYjczMC1lY2FhLTExZTYtOGY4OC0zNDM2M2JjN2M0YzAiOnsiY3JlYXRlIjoxODAwMDAwMDAwMDAwLCJkZWxldGUiOjE4MDAwMDAwMDAwMDAsInJlYWQiOjMwMDAwMDAwMDAwMCwidXBkYXRlIjoxODAwMDAwMDAwMDAwfX0=",
          "dependencies": [
            "azurerm_key_vault.keyvault_ado_agent",
            "azurerm_resource_group.tamops",
            "data.azurerm_client_config.current",
            "random_password.password"
          ]
        }
      ]
    },
    {
      "mode": "managed",
      "type": "azurerm_network_interface",
      "name": "modulo7-ado-nic",
      "provider": "provider[\"registry.terraform.io/hashicorp/azurerm\"]",
      "instances": [
        {
          "schema_version": 0,
          "attributes": {
            "applied_dns_servers": [],
            "dns_servers": [],
            "enable_accelerated_networking": false,
            "enable_ip_forwarding": false,
            "id": "/subscriptions/f15365ac-4c3f-4998-9bdf-9046798f52a9/resourceGroups/modulo7-ado-agent/providers/Microsoft.Network/networkInterfaces/modulo7-ado-vm-nic",
            "internal_dns_name_label": "",
            "internal_domain_name_suffix": "pfdwgjirhkzebdgkwjmoils5kc.zx.internal.cloudapp.net",
            "ip_configuration": [
              {
                "gateway_load_balancer_frontend_ip_configuration_id": "",
                "name": "ip",
                "primary": true,
                "private_ip_address": "192.168.0.4",
                "private_ip_address_allocation": "Static",
                "private_ip_address_version": "IPv4",
                "public_ip_address_id": "/subscriptions/f15365ac-4c3f-4998-9bdf-9046798f52a9/resourceGroups/modulo7-ado-agent/providers/Microsoft.Network/publicIPAddresses/modulo7-ado-agent-pip",
                "subnet_id": "/subscriptions/f15365ac-4c3f-4998-9bdf-9046798f52a9/resourceGroups/modulo7-ado-agent/providers/Microsoft.Network/virtualNetworks/modulo7-ado-agent-vnet/subnets/ado-agent-subnet"
              }
            ],
            "location": "uksouth",
            "mac_address": "",
            "name": "modulo7-ado-vm-nic",
            "private_ip_address": "192.168.0.4",
            "private_ip_addresses": [
              "192.168.0.4"
            ],
            "resource_group_name": "modulo7-ado-agent",
            "tags": null,
            "timeouts": null,
            "virtual_machine_id": ""
          },
          "sensitive_attributes": [],
          "private": "eyJlMmJmYjczMC1lY2FhLTExZTYtOGY4OC0zNDM2M2JjN2M0YzAiOnsiY3JlYXRlIjoxODAwMDAwMDAwMDAwLCJkZWxldGUiOjE4MDAwMDAwMDAwMDAsInJlYWQiOjMwMDAwMDAwMDAwMCwidXBkYXRlIjoxODAwMDAwMDAwMDAwfX0=",
          "dependencies": [
            "azurerm_public_ip.modulo7-ado-pip",
            "azurerm_resource_group.tamops",
            "azurerm_subnet.subnet_name_ado_agent",
            "azurerm_virtual_network.ado_agent_vnet"
          ]
        }
      ]
    },
    {
      "mode": "managed",
      "type": "azurerm_network_interface_security_group_association",
      "name": "modulo7-ado-nic-nsg",
      "provider": "provider[\"registry.terraform.io/hashicorp/azurerm\"]",
      "instances": [
        {
          "schema_version": 0,
          "attributes": {
            "id": "/subscriptions/f15365ac-4c3f-4998-9bdf-9046798f52a9/resourceGroups/modulo7-ado-agent/providers/Microsoft.Network/networkInterfaces/modulo7-ado-vm-nic|/subscriptions/f15365ac-4c3f-4998-9bdf-9046798f52a9/resourceGroups/modulo7-ado-agent/providers/Microsoft.Network/networkSecurityGroups/modulo7-ado-vm-nsg",
            "network_interface_id": "/subscriptions/f15365ac-4c3f-4998-9bdf-9046798f52a9/resourceGroups/modulo7-ado-agent/providers/Microsoft.Network/networkInterfaces/modulo7-ado-vm-nic",
            "network_security_group_id": "/subscriptions/f15365ac-4c3f-4998-9bdf-9046798f52a9/resourceGroups/modulo7-ado-agent/providers/Microsoft.Network/networkSecurityGroups/modulo7-ado-vm-nsg",
            "timeouts": null
          },
          "sensitive_attributes": [],
          "private": "eyJlMmJmYjczMC1lY2FhLTExZTYtOGY4OC0zNDM2M2JjN2M0YzAiOnsiY3JlYXRlIjoxODAwMDAwMDAwMDAwLCJkZWxldGUiOjE4MDAwMDAwMDAwMDAsInJlYWQiOjMwMDAwMDAwMDAwMCwidXBkYXRlIjoxODAwMDAwMDAwMDAwfX0=",
          "dependencies": [
            "azurerm_network_interface.modulo7-ado-nic",
            "azurerm_network_security_group.modulo7-ado-nsg",
            "azurerm_public_ip.modulo7-ado-pip",
            "azurerm_resource_group.tamops",
            "azurerm_subnet.subnet_name_ado_agent",
            "azurerm_virtual_network.ado_agent_vnet"
          ]
        }
      ]
    },
    {
      "mode": "managed",
      "type": "azurerm_network_security_group",
      "name": "modulo7-ado-nsg",
      "provider": "provider[\"registry.terraform.io/hashicorp/azurerm\"]",
      "instances": [
        {
          "schema_version": 0,
          "attributes": {
            "id": "/subscriptions/f15365ac-4c3f-4998-9bdf-9046798f52a9/resourceGroups/modulo7-ado-agent/providers/Microsoft.Network/networkSecurityGroups/modulo7-ado-vm-nsg",
            "location": "uksouth",
            "name": "modulo7-ado-vm-nsg",
            "resource_group_name": "modulo7-ado-agent",
            "security_rule": [],
            "tags": null,
            "timeouts": null
          },
          "sensitive_attributes": [],
          "private": "eyJlMmJmYjczMC1lY2FhLTExZTYtOGY4OC0zNDM2M2JjN2M0YzAiOnsiY3JlYXRlIjoxODAwMDAwMDAwMDAwLCJkZWxldGUiOjE4MDAwMDAwMDAwMDAsInJlYWQiOjMwMDAwMDAwMDAwMCwidXBkYXRlIjoxODAwMDAwMDAwMDAwfX0=",
          "dependencies": [
            "azurerm_resource_group.tamops"
          ]
        }
      ]
    },
    {
      "mode": "managed",
      "type": "azurerm_network_security_rule",
      "name": "inbound",
      "provider": "provider[\"registry.terraform.io/hashicorp/azurerm\"]",
      "instances": [
        {
          "schema_version": 0,
          "attributes": {
            "access": "Allow",
            "description": "",
            "destination_address_prefix": "*",
            "destination_address_prefixes": null,
            "destination_application_security_group_ids": null,
            "destination_port_range": "22",
            "destination_port_ranges": null,
            "direction": "Inbound",
            "id": "/subscriptions/f15365ac-4c3f-4998-9bdf-9046798f52a9/resourceGroups/modulo7-ado-agent/providers/Microsoft.Network/networkSecurityGroups/modulo7-ado-vm-nsg/securityRules/ssh-allow",
            "name": "ssh-allow",
            "network_security_group_name": "modulo7-ado-vm-nsg",
            "priority": 100,
            "protocol": "Tcp",
            "resource_group_name": "modulo7-ado-agent",
            "source_address_prefix": "*",
            "source_address_prefixes": null,
            "source_application_security_group_ids": null,
            "source_port_range": "*",
            "source_port_ranges": null,
            "timeouts": null
          },
          "sensitive_attributes": [],
          "private": "eyJlMmJmYjczMC1lY2FhLTExZTYtOGY4OC0zNDM2M2JjN2M0YzAiOnsiY3JlYXRlIjoxODAwMDAwMDAwMDAwLCJkZWxldGUiOjE4MDAwMDAwMDAwMDAsInJlYWQiOjMwMDAwMDAwMDAwMCwidXBkYXRlIjoxODAwMDAwMDAwMDAwfX0=",
          "dependencies": [
            "azurerm_network_security_group.modulo7-ado-nsg",
            "azurerm_resource_group.tamops"
          ]
        }
      ]
    },
    {
      "mode": "managed",
      "type": "azurerm_public_ip",
      "name": "modulo7-ado-pip",
      "provider": "provider[\"registry.terraform.io/hashicorp/azurerm\"]",
      "instances": [
        {
          "schema_version": 0,
          "attributes": {
            "allocation_method": "Static",
            "availability_zone": "No-Zone",
            "domain_name_label": null,
            "fqdn": null,
            "id": "/subscriptions/f15365ac-4c3f-4998-9bdf-9046798f52a9/resourceGroups/modulo7-ado-agent/providers/Microsoft.Network/publicIPAddresses/modulo7-ado-agent-pip",
            "idle_timeout_in_minutes": 4,
            "ip_address": "20.90.248.133",
            "ip_tags": null,
            "ip_version": "IPv4",
            "location": "uksouth",
            "name": "modulo7-ado-agent-pip",
            "public_ip_prefix_id": null,
            "resource_group_name": "modulo7-ado-agent",
            "reverse_fqdn": null,
            "sku": "Basic",
            "sku_tier": "Regional",
            "tags": null,
            "timeouts": null,
            "zones": []
          },
          "sensitive_attributes": [],
          "private": "eyJlMmJmYjczMC1lY2FhLTExZTYtOGY4OC0zNDM2M2JjN2M0YzAiOnsiY3JlYXRlIjoxODAwMDAwMDAwMDAwLCJkZWxldGUiOjE4MDAwMDAwMDAwMDAsInJlYWQiOjMwMDAwMDAwMDAwMCwidXBkYXRlIjoxODAwMDAwMDAwMDAwfX0=",
          "dependencies": [
            "azurerm_resource_group.tamops"
          ]
        }
      ]
    },
    {
      "mode": "managed",
      "type": "azurerm_resource_group",
      "name": "tamops",
      "provider": "provider[\"registry.terraform.io/hashicorp/azurerm\"]",
      "instances": [
        {
          "schema_version": 0,
          "attributes": {
            "id": "/subscriptions/f15365ac-4c3f-4998-9bdf-9046798f52a9/resourceGroups/modulo7-ado-agent",
            "location": "uksouth",
            "name": "modulo7-ado-agent",
            "tags": null,
            "timeouts": null
          },
          "sensitive_attributes": [],
          "private": "eyJlMmJmYjczMC1lY2FhLTExZTYtOGY4OC0zNDM2M2JjN2M0YzAiOnsiY3JlYXRlIjo1NDAwMDAwMDAwMDAwLCJkZWxldGUiOjU0MDAwMDAwMDAwMDAsInJlYWQiOjMwMDAwMDAwMDAwMCwidXBkYXRlIjo1NDAwMDAwMDAwMDAwfX0="
        }
      ]
    },
    {
      "mode": "managed",
      "type": "azurerm_subnet",
      "name": "subnet_name_ado_agent",
      "provider": "provider[\"registry.terraform.io/hashicorp/azurerm\"]",
      "instances": [
        {
          "schema_version": 0,
          "attributes": {
            "address_prefix": "192.168.0.0/24",
            "address_prefixes": [
              "192.168.0.0/24"
            ],
            "delegation": [],
            "enforce_private_link_endpoint_network_policies": false,
            "enforce_private_link_service_network_policies": false,
            "id": "/subscriptions/f15365ac-4c3f-4998-9bdf-9046798f52a9/resourceGroups/modulo7-ado-agent/providers/Microsoft.Network/virtualNetworks/modulo7-ado-agent-vnet/subnets/ado-agent-subnet",
            "name": "ado-agent-subnet",
            "resource_group_name": "modulo7-ado-agent",
            "service_endpoint_policy_ids": null,
            "service_endpoints": null,
            "timeouts": null,
            "virtual_network_name": "modulo7-ado-agent-vnet"
          },
          "sensitive_attributes": [],
          "private": "eyJlMmJmYjczMC1lY2FhLTExZTYtOGY4OC0zNDM2M2JjN2M0YzAiOnsiY3JlYXRlIjoxODAwMDAwMDAwMDAwLCJkZWxldGUiOjE4MDAwMDAwMDAwMDAsInJlYWQiOjMwMDAwMDAwMDAwMCwidXBkYXRlIjoxODAwMDAwMDAwMDAwfX0=",
          "dependencies": [
            "azurerm_resource_group.tamops",
            "azurerm_virtual_network.ado_agent_vnet"
          ]
        }
      ]
    },
    {
      "mode": "managed",
      "type": "azurerm_virtual_machine",
      "name": "modulo7-ado-vm",
      "provider": "provider[\"registry.terraform.io/hashicorp/azurerm\"]",
      "instances": [
        {
          "schema_version": 0,
          "attributes": {
            "additional_capabilities": [],
            "availability_set_id": null,
            "boot_diagnostics": [],
            "delete_data_disks_on_termination": false,
            "delete_os_disk_on_termination": false,
            "id": "/subscriptions/f15365ac-4c3f-4998-9bdf-9046798f52a9/resourceGroups/modulo7-ado-agent/providers/Microsoft.Compute/virtualMachines/modulo7-ado-vm-vm",
            "identity": [],
            "license_type": null,
            "location": "uksouth",
            "name": "modulo7-ado-vm-vm",
            "network_interface_ids": [
              "/subscriptions/f15365ac-4c3f-4998-9bdf-9046798f52a9/resourceGroups/modulo7-ado-agent/providers/Microsoft.Network/networkInterfaces/modulo7-ado-vm-nic"
            ],
            "os_profile": [
              {
                "admin_password": "",
                "admin_username": "modulo7",
                "computer_name": "modulo7-ado-vm-vm",
                "custom_data": ""
              }
            ],
            "os_profile_linux_config": [
              {
                "disable_password_authentication": false,
                "ssh_keys": []
              }
            ],
            "os_profile_secrets": [],
            "os_profile_windows_config": [],
            "plan": [],
            "primary_network_interface_id": null,
            "proximity_placement_group_id": null,
            "resource_group_name": "modulo7-ado-agent",
            "storage_data_disk": [],
            "storage_image_reference": [
              {
                "id": "",
                "offer": "UbuntuServer",
                "publisher": "Canonical",
                "sku": "18.04-LTS",
                "version": "latest"
              }
            ],
            "storage_os_disk": [
              {
                "caching": "ReadWrite",
                "create_option": "FromImage",
                "disk_size_gb": 30,
                "image_uri": "",
                "managed_disk_id": "/subscriptions/f15365ac-4c3f-4998-9bdf-9046798f52a9/resourceGroups/modulo7-ado-agent/providers/Microsoft.Compute/disks/modulo7-ado-vm-osdisk",
                "managed_disk_type": "Standard_LRS",
                "name": "modulo7-ado-vm-osdisk",
                "os_type": "Linux",
                "vhd_uri": "",
                "write_accelerator_enabled": false
              }
            ],
            "tags": null,
            "timeouts": null,
            "vm_size": "Standard_DS1_v2",
            "zones": null
          },
          "sensitive_attributes": [
            [
              {
                "type": "get_attr",
                "value": "os_profile"
              }
            ]
          ],
          "private": "eyJlMmJmYjczMC1lY2FhLTExZTYtOGY4OC0zNDM2M2JjN2M0YzAiOnsiY3JlYXRlIjozNjAwMDAwMDAwMDAwLCJkZWxldGUiOjM2MDAwMDAwMDAwMDAsInJlYWQiOjMwMDAwMDAwMDAwMCwidXBkYXRlIjozNjAwMDAwMDAwMDAwfX0=",
          "dependencies": [
            "azurerm_network_interface.modulo7-ado-nic",
            "azurerm_public_ip.modulo7-ado-pip",
            "azurerm_resource_group.tamops",
            "azurerm_subnet.subnet_name_ado_agent",
            "azurerm_virtual_network.ado_agent_vnet",
            "random_password.password"
          ]
        }
      ]
    },
    {
      "mode": "managed",
      "type": "azurerm_virtual_network",
      "name": "ado_agent_vnet",
      "provider": "provider[\"registry.terraform.io/hashicorp/azurerm\"]",
      "instances": [
        {
          "schema_version": 0,
          "attributes": {
            "address_space": [
              "192.168.0.0/16"
            ],
            "bgp_community": "",
            "ddos_protection_plan": [],
            "dns_servers": [],
            "guid": "25634779-3a11-40b2-8cca-b258e42e5f52",
            "id": "/subscriptions/f15365ac-4c3f-4998-9bdf-9046798f52a9/resourceGroups/modulo7-ado-agent/providers/Microsoft.Network/virtualNetworks/modulo7-ado-agent-vnet",
            "location": "uksouth",
            "name": "modulo7-ado-agent-vnet",
            "resource_group_name": "modulo7-ado-agent",
            "subnet": [],
            "tags": null,
            "timeouts": null,
            "vm_protection_enabled": false
          },
          "sensitive_attributes": [],
          "private": "eyJlMmJmYjczMC1lY2FhLTExZTYtOGY4OC0zNDM2M2JjN2M0YzAiOnsiY3JlYXRlIjoxODAwMDAwMDAwMDAwLCJkZWxldGUiOjE4MDAwMDAwMDAwMDAsInJlYWQiOjMwMDAwMDAwMDAwMCwidXBkYXRlIjoxODAwMDAwMDAwMDAwfX0=",
          "dependencies": [
            "azurerm_resource_group.tamops"
          ]
        }
      ]
    },
    {
      "mode": "managed",
      "type": "random_password",
      "name": "password",
      "provider": "provider[\"registry.terraform.io/hashicorp/random\"]",
      "instances": [
        {
          "schema_version": 0,
          "attributes": {
            "id": "none",
            "keepers": null,
            "length": 16,
            "lower": true,
            "min_lower": 0,
            "min_numeric": 0,
            "min_special": 0,
            "min_upper": 0,
            "number": true,
            "override_special": "_%@",
            "result": "uQkdNOmRu3WXWYtu",
            "special": true,
            "upper": true
          },
          "sensitive_attributes": [],
          "private": "bnVsbA=="
        }
      ]
    }
  ]
}
